
Microsoft Visual Studio Solution File, Format Version 12.00
# Visual Studio Version 17
VisualStudioVersion = 17.0.32014.148
MinimumVisualStudioVersion = 10.0.40219.1
Project("{FAE04EC0-301F-11D3-BF4B-00C04F79EFBC}") = "PasswordGenerator", "PasswordGenerator.csproj", "{65991E36-D2C0-475D-92D5-E2BE9B03BC17}"
EndProject
Global
	GlobalSection(SolutionConfigurationPlatforms) = preSolution
		Debug|Any CPU = Debug|Any CPU
		Release|Any CPU = Release|Any CPU
	EndGlobalSection
	GlobalSection(ProjectConfigurationPlatforms) = postSolution
		{65991E36-D2C0-475D-92D5-E2BE9B03BC17}.Debug|Any CPU.ActiveCfg = Debug|Any CPU
		{65991E36-D2C0-475D-92D5-E2BE9B03BC17}.Debug|Any CPU.Build.0 = Debug|Any CPU
		{65991E36-D2C0-475D-92D5-E2BE9B03BC17}.Release|Any CPU.ActiveCfg = Release|Any CPU
		{65991E36-D2C0-475D-92D5-E2BE9B03BC17}.Release|Any CPU.Build.0 = Release|Any CPU
	EndGlobalSection
	GlobalSection(SolutionProperties) = preSolution
		HideSolutionNode = FALSE
	EndGlobalSection
	GlobalSection(ExtensibilityGlobals) = postSolution
		SolutionGuid = {4E5F1505-5B52-49DF-BEB3-2D2D1E892755}
	EndGlobalSection
EndGlobal
